
Microsoft Visual Studio Solution File, Format Version 12.00
# Visual Studio 15
VisualStudioVersion = 15.0.27703.2047
MinimumVisualStudioVersion = 10.0.40219.1
Project("{FAE04EC0-301F-11D3-BF4B-00C04F79EFBC}") = "canales", "canales\canales.csproj", "{16FFFDD4-2229-4B6F-B199-EB30DDB4A6C1}"
EndProject
Global
	GlobalSection(SolutionConfigurationPlatforms) = preSolution
		Debug|Any CPU = Debug|Any CPU
		Release|Any CPU = Release|Any CPU
	EndGlobalSection
	GlobalSection(ProjectConfigurationPlatforms) = postSolution
		{16FFFDD4-2229-4B6F-B199-EB30DDB4A6C1}.Debug|Any CPU.ActiveCfg = Debug|Any CPU
		{16FFFDD4-2229-4B6F-B199-EB30DDB4A6C1}.Debug|Any CPU.Build.0 = Debug|Any CPU
		{16FFFDD4-2229-4B6F-B199-EB30DDB4A6C1}.Release|Any CPU.ActiveCfg = Release|Any CPU
		{16FFFDD4-2229-4B6F-B199-EB30DDB4A6C1}.Release|Any CPU.Build.0 = Release|Any CPU
	EndGlobalSection
	GlobalSection(SolutionProperties) = preSolution
		HideSolutionNode = FALSE
	EndGlobalSection
	GlobalSection(ExtensibilityGlobals) = postSolution
		SolutionGuid = {778064B0-C943-4D24-8F93-0BD12ED8183F}
	EndGlobalSection
EndGlobal
